
Microsoft Visual Studio Solution File, Format Version 12.00
# Visual Studio Version 17
VisualStudioVersion = 17.0.31903.59
MinimumVisualStudioVersion = 10.0.40219.1
Project("{2150E333-8FDC-42A3-9474-1A3956D46DE8}") = "src", "src", "{4F3B9D90-2CE7-4F00-A105-0B49335C7CA0}"
EndProject
Project("{FAE04EC0-301F-11D3-BF4B-00C04F79EFBC}") = "GradeBookApp", "src\GradeBookApp\GradeBookApp.csproj", "{270046C0-0071-4592-BE4E-1F5BE0EE28C7}"
EndProject
Project("{2150E333-8FDC-42A3-9474-1A3956D46DE8}") = "test", "test", "{897F17C9-351D-46D8-AC73-867FE4026477}"
EndProject
Project("{FAE04EC0-301F-11D3-BF4B-00C04F79EFBC}") = "GradeBookApp.tests", "test\GradeBookApp.tests\GradeBookApp.tests.csproj", "{0F2A7A8A-FEC7-4E41-9C58-431BC4C2DFAB}"
EndProject
Global
	GlobalSection(SolutionConfigurationPlatforms) = preSolution
		Debug|Any CPU = Debug|Any CPU
		Release|Any CPU = Release|Any CPU
	EndGlobalSection
	GlobalSection(SolutionProperties) = preSolution
		HideSolutionNode = FALSE
	EndGlobalSection
	GlobalSection(ProjectConfigurationPlatforms) = postSolution
		{270046C0-0071-4592-BE4E-1F5BE0EE28C7}.Debug|Any CPU.ActiveCfg = Debug|Any CPU
		{270046C0-0071-4592-BE4E-1F5BE0EE28C7}.Debug|Any CPU.Build.0 = Debug|Any CPU
		{270046C0-0071-4592-BE4E-1F5BE0EE28C7}.Release|Any CPU.ActiveCfg = Release|Any CPU
		{270046C0-0071-4592-BE4E-1F5BE0EE28C7}.Release|Any CPU.Build.0 = Release|Any CPU
		{0F2A7A8A-FEC7-4E41-9C58-431BC4C2DFAB}.Debug|Any CPU.ActiveCfg = Debug|Any CPU
		{0F2A7A8A-FEC7-4E41-9C58-431BC4C2DFAB}.Debug|Any CPU.Build.0 = Debug|Any CPU
		{0F2A7A8A-FEC7-4E41-9C58-431BC4C2DFAB}.Release|Any CPU.ActiveCfg = Release|Any CPU
		{0F2A7A8A-FEC7-4E41-9C58-431BC4C2DFAB}.Release|Any CPU.Build.0 = Release|Any CPU
	EndGlobalSection
	GlobalSection(NestedProjects) = preSolution
		{270046C0-0071-4592-BE4E-1F5BE0EE28C7} = {4F3B9D90-2CE7-4F00-A105-0B49335C7CA0}
		{0F2A7A8A-FEC7-4E41-9C58-431BC4C2DFAB} = {897F17C9-351D-46D8-AC73-867FE4026477}
	EndGlobalSection
EndGlobal
